{
  "name": "SciFiFarm",
  "lockfileVersion": 3,
  "requires": true,
  "packages": {
    "": {
      "devDependencies": {
        "phaser-tilemap-plus": "^0.10.2"
      }
    },
    "node_modules/lodash": {
      "version": "4.17.21",
      "resolved": "https://registry.npmjs.org/lodash/-/lodash-4.17.21.tgz",
      "integrity": "sha512-v2kDEe57lecTulaDIuNTPy3Ry4gLGJ6Z1O3vE1krgXZNrsQ+LFTGHVxVjcXPs17LhbZVGedAJv8XZ1tvj5FvSg==",
      "dev": true
    },
    "node_modules/phaser-ce": {
      "version": "2.20.0",
      "resolved": "https://registry.npmjs.org/phaser-ce/-/phaser-ce-2.20.0.tgz",
      "integrity": "sha512-IhWEyIJOdpp6fdwaxdnOLpqIwdrXEFXbsW3D2roSDJIfSVwFIzEllssxTVRJfiVjXUXTkAhF1EHByVo32WTWpw==",
      "dev": true
    },
    "node_modules/phaser-tilemap-plus": {
      "version": "0.10.2",
      "resolved": "https://registry.npmjs.org/phaser-tilemap-plus/-/phaser-tilemap-plus-0.10.2.tgz",
      "integrity": "sha512-GKiEQBfq7oZTlxL4cXTHKSryGv4uumQCJ7at7HfHOU6mQl4Hihfe7pxDnVVDRUcyQK1/DiKb83/kjiMJ01IVQw==",
      "dev": true,
      "dependencies": {
        "lodash": "^4.17.4",
        "phaser-ce": "^2.9.1",
        "poly-decomp": "^0.2.1"
      }
    },
    "node_modules/poly-decomp": {
      "version": "0.2.1",
      "resolved": "https://registry.npmjs.org/poly-decomp/-/poly-decomp-0.2.1.tgz",
      "integrity": "sha512-MRT1Povp45G71+YFk/ZoLtB02Fpldv3BLDYa/A82IVVSZ6rAdNKfpeZPw3jkov2bvDxfrAvRfNv/9ixo3V+eRQ==",
      "dev": true,
      "engines": {
        "node": "*"
      }
    }
  }
}
